// !$*UTF8*$!
{
	archiveVersion = 1;
	classes = {
	};
	objectVersion = 56;
	objects = {

/* Begin PBXBuildFile section */
		FE9F62FA2AE26E6C00281779 /* appicon.png in Resources */ = {isa = PBXBuildFile; fileRef = FE9F62F92AE26E6C00281779 /* appicon.png */; };
		FE9F62FE2AE3AC1500281779 /* correct.mp3 in Resources */ = {isa = PBXBuildFile; fileRef = FE9F62FD2AE3AC1500281779 /* correct.mp3 */; };
		FE9F63022AE3BB4800281779 /* Audio.swift in Sources */ = {isa = PBXBuildFile; fileRef = FE9F63012AE3BB4800281779 /* Audio.swift */; };
		FE9F63062AE3BDA600281779 /* jyan.mp3 in Resources */ = {isa = PBXBuildFile; fileRef = FE9F63052AE3BDA600281779 /* jyan.mp3 */; };
		FE9F63082AE3BE8600281779 /* zannen.mp3 in Resources */ = {isa = PBXBuildFile; fileRef = FE9F63072AE3BE8600281779 /* zannen.mp3 */; };
		FE9F630A2AE3BEFE00281779 /* terere.mp3 in Resources */ = {isa = PBXBuildFile; fileRef = FE9F63092AE3BEFE00281779 /* terere.mp3 */; };
		FE9F630E2AE3BFFA00281779 /* wrong2.mp3 in Resources */ = {isa = PBXBuildFile; fileRef = FE9F630D2AE3BFFA00281779 /* wrong2.mp3 */; };
		FE9F63102AE3C5AD00281779 /* zou2.png in Resources */ = {isa = PBXBuildFile; fileRef = FE9F630F2AE3C5AD00281779 /* zou2.png */; };
		FE9F63122AE3D59000281779 /* pi.mp3 in Resources */ = {isa = PBXBuildFile; fileRef = FE9F63112AE3D59000281779 /* pi.mp3 */; };
		FE9F63142AE3D7A700281779 /* don.mp3 in Resources */ = {isa = PBXBuildFile; fileRef = FE9F63132AE3D7A700281779 /* don.mp3 */; };
		FED070862AE0C552005395DE /* 6pens.png in Resources */ = {isa = PBXBuildFile; fileRef = FED070852AE0C552005395DE /* 6pens.png */; };
		FED070882AE0C752005395DE /* dope.png in Resources */ = {isa = PBXBuildFile; fileRef = FED070872AE0C752005395DE /* dope.png */; };
		FED0708A2AE0C8D6005395DE /* kissazou.png in Resources */ = {isa = PBXBuildFile; fileRef = FED070892AE0C8D6005395DE /* kissazou.png */; };
		FEE251B12AE0C980003FB1BF /* tabisuru.png in Resources */ = {isa = PBXBuildFile; fileRef = FEE251B02AE0C980003FB1BF /* tabisuru.png */; };
		FEE251B32AE0CEDA003FB1BF /* Quiz1.swift in Sources */ = {isa = PBXBuildFile; fileRef = FEE251B22AE0CEDA003FB1BF /* Quiz1.swift */; };
		FEE251B52AE0CF05003FB1BF /* Quiz2.swift in Sources */ = {isa = PBXBuildFile; fileRef = FEE251B42AE0CF05003FB1BF /* Quiz2.swift */; };
		FEE251B72AE0CF10003FB1BF /* Quiz3.swift in Sources */ = {isa = PBXBuildFile; fileRef = FEE251B62AE0CF10003FB1BF /* Quiz3.swift */; };
		FEE251B92AE0CF1D003FB1BF /* Result.swift in Sources */ = {isa = PBXBuildFile; fileRef = FEE251B82AE0CF1D003FB1BF /* Result.swift */; };
		FEFD39C92A4CEF900093681A /* AppDelegate.swift in Sources */ = {isa = PBXBuildFile; fileRef = FEFD39C82A4CEF900093681A /* AppDelegate.swift */; };
		FEFD39CB2A4CEF900093681A /* SceneDelegate.swift in Sources */ = {isa = PBXBuildFile; fileRef = FEFD39CA2A4CEF900093681A /* SceneDelegate.swift */; };
		FEFD39CD2A4CEF900093681A /* ViewController.swift in Sources */ = {isa = PBXBuildFile; fileRef = FEFD39CC2A4CEF900093681A /* ViewController.swift */; };
		FEFD39D02A4CEF900093681A /* Main.storyboard in Resources */ = {isa = PBXBuildFile; fileRef = FEFD39CE2A4CEF900093681A /* Main.storyboard */; };
		FEFD39D22A4CEF920093681A /* Assets.xcassets in Resources */ = {isa = PBXBuildFile; fileRef = FEFD39D12A4CEF920093681A /* Assets.xcassets */; };
		FEFD39D52A4CEF920093681A /* LaunchScreen.storyboard in Resources */ = {isa = PBXBuildFile; fileRef = FEFD39D32A4CEF920093681A /* LaunchScreen.storyboard */; };
		FEFD39E02A4CEF920093681A /* testTests.swift in Sources */ = {isa = PBXBuildFile; fileRef = FEFD39DF2A4CEF920093681A /* testTests.swift */; };
		FEFD39EA2A4CEF920093681A /* testUITests.swift in Sources */ = {isa = PBXBuildFile; fileRef = FEFD39E92A4CEF920093681A /* testUITests.swift */; };
		FEFD39EC2A4CEF920093681A /* testUITestsLaunchTests.swift in Sources */ = {isa = PBXBuildFile; fileRef = FEFD39EB2A4CEF920093681A /* testUITestsLaunchTests.swift */; };
		FEFD39F92A4D2B3E0093681A /* ViewController2.swift in Sources */ = {isa = PBXBuildFile; fileRef = FEFD39F82A4D2B3E0093681A /* ViewController2.swift */; };
/* End PBXBuildFile section */

/* Begin PBXContainerItemProxy section */
		FEFD39DC2A4CEF920093681A /* PBXContainerItemProxy */ = {
			isa = PBXContainerItemProxy;
			containerPortal = FEFD39BD2A4CEF900093681A /* Project object */;
			proxyType = 1;
			remoteGlobalIDString = FEFD39C42A4CEF900093681A;
			remoteInfo = test;
		};
		FEFD39E62A4CEF920093681A /* PBXContainerItemProxy */ = {
			isa = PBXContainerItemProxy;
			containerPortal = FEFD39BD2A4CEF900093681A /* Project object */;
			proxyType = 1;
			remoteGlobalIDString = FEFD39C42A4CEF900093681A;
			remoteInfo = test;
		};
/* End PBXContainerItemProxy section */

/* Begin PBXFileReference section */
		FE9F62F92AE26E6C00281779 /* appicon.png */ = {isa = PBXFileReference; lastKnownFileType = image.png; path = appicon.png; sourceTree = "<group>"; };
		FE9F62FD2AE3AC1500281779 /* correct.mp3 */ = {isa = PBXFileReference; lastKnownFileType = audio.mp3; path = correct.mp3; sourceTree = "<group>"; };
		FE9F63012AE3BB4800281779 /* Audio.swift */ = {isa = PBXFileReference; lastKnownFileType = sourcecode.swift; path = Audio.swift; sourceTree = "<group>"; };
		FE9F63052AE3BDA600281779 /* jyan.mp3 */ = {isa = PBXFileReference; lastKnownFileType = audio.mp3; path = jyan.mp3; sourceTree = "<group>"; };
		FE9F63072AE3BE8600281779 /* zannen.mp3 */ = {isa = PBXFileReference; lastKnownFileType = audio.mp3; path = zannen.mp3; sourceTree = "<group>"; };
		FE9F63092AE3BEFE00281779 /* terere.mp3 */ = {isa = PBXFileReference; lastKnownFileType = audio.mp3; path = terere.mp3; sourceTree = "<group>"; };
		FE9F630D2AE3BFFA00281779 /* wrong2.mp3 */ = {isa = PBXFileReference; lastKnownFileType = audio.mp3; path = wrong2.mp3; sourceTree = "<group>"; };
		FE9F630F2AE3C5AD00281779 /* zou2.png */ = {isa = PBXFileReference; lastKnownFileType = image.png; path = zou2.png; sourceTree = "<group>"; };
		FE9F63112AE3D59000281779 /* pi.mp3 */ = {isa = PBXFileReference; lastKnownFileType = audio.mp3; path = pi.mp3; sourceTree = "<group>"; };
		FE9F63132AE3D7A700281779 /* don.mp3 */ = {isa = PBXFileReference; lastKnownFileType = audio.mp3; path = don.mp3; sourceTree = "<group>"; };
		FED070852AE0C552005395DE /* 6pens.png */ = {isa = PBXFileReference; lastKnownFileType = image.png; path = 6pens.png; sourceTree = "<group>"; };
		FED070872AE0C752005395DE /* dope.png */ = {isa = PBXFileReference; lastKnownFileType = image.png; path = dope.png; sourceTree = "<group>"; };
		FED070892AE0C8D6005395DE /* kissazou.png */ = {isa = PBXFileReference; lastKnownFileType = image.png; path = kissazou.png; sourceTree = "<group>"; };
		FEE251B02AE0C980003FB1BF /* tabisuru.png */ = {isa = PBXFileReference; lastKnownFileType = image.png; path = tabisuru.png; sourceTree = "<group>"; };
		FEE251B22AE0CEDA003FB1BF /* Quiz1.swift */ = {isa = PBXFileReference; lastKnownFileType = sourcecode.swift; path = Quiz1.swift; sourceTree = "<group>"; };
		FEE251B42AE0CF05003FB1BF /* Quiz2.swift */ = {isa = PBXFileReference; lastKnownFileType = sourcecode.swift; path = Quiz2.swift; sourceTree = "<group>"; };
		FEE251B62AE0CF10003FB1BF /* Quiz3.swift */ = {isa = PBXFileReference; lastKnownFileType = sourcecode.swift; path = Quiz3.swift; sourceTree = "<group>"; };
		FEE251B82AE0CF1D003FB1BF /* Result.swift */ = {isa = PBXFileReference; lastKnownFileType = sourcecode.swift; path = Result.swift; sourceTree = "<group>"; };
		FEFD39C52A4CEF900093681A /* creamsoda2.app */ = {isa = PBXFileReference; explicitFileType = wrapper.application; includeInIndex = 0; path = creamsoda2.app; sourceTree = BUILT_PRODUCTS_DIR; };
		FEFD39C82A4CEF900093681A /* AppDelegate.swift */ = {isa = PBXFileReference; lastKnownFileType = sourcecode.swift; path = AppDelegate.swift; sourceTree = "<group>"; };
		FEFD39CA2A4CEF900093681A /* SceneDelegate.swift */ = {isa = PBXFileReference; lastKnownFileType = sourcecode.swift; path = SceneDelegate.swift; sourceTree = "<group>"; };
		FEFD39CC2A4CEF900093681A /* ViewController.swift */ = {isa = PBXFileReference; lastKnownFileType = sourcecode.swift; path = ViewController.swift; sourceTree = "<group>"; };
		FEFD39CF2A4CEF900093681A /* Base */ = {isa = PBXFileReference; lastKnownFileType = file.storyboard; name = Base; path = Base.lproj/Main.storyboard; sourceTree = "<group>"; };
		FEFD39D12A4CEF920093681A /* Assets.xcassets */ = {isa = PBXFileReference; lastKnownFileType = folder.assetcatalog; path = Assets.xcassets; sourceTree = "<group>"; };
		FEFD39D42A4CEF920093681A /* Base */ = {isa = PBXFileReference; lastKnownFileType = file.storyboard; name = Base; path = Base.lproj/LaunchScreen.storyboard; sourceTree = "<group>"; };
		FEFD39D62A4CEF920093681A /* Info.plist */ = {isa = PBXFileReference; lastKnownFileType = text.plist.xml; path = Info.plist; sourceTree = "<group>"; };
		FEFD39DB2A4CEF920093681A /* creamsoda2Tests.xctest */ = {isa = PBXFileReference; explicitFileType = wrapper.cfbundle; includeInIndex = 0; path = creamsoda2Tests.xctest; sourceTree = BUILT_PRODUCTS_DIR; };
		FEFD39DF2A4CEF920093681A /* testTests.swift */ = {isa = PBXFileReference; lastKnownFileType = sourcecode.swift; path = testTests.swift; sourceTree = "<group>"; };
		FEFD39E52A4CEF920093681A /* creamsoda2UITests.xctest */ = {isa = PBXFileReference; explicitFileType = wrapper.cfbundle; includeInIndex = 0; path = creamsoda2UITests.xctest; sourceTree = BUILT_PRODUCTS_DIR; };
		FEFD39E92A4CEF920093681A /* testUITests.swift */ = {isa = PBXFileReference; lastKnownFileType = sourcecode.swift; path = testUITests.swift; sourceTree = "<group>"; };
		FEFD39EB2A4CEF920093681A /* testUITestsLaunchTests.swift */ = {isa = PBXFileReference; lastKnownFileType = sourcecode.swift; path = testUITestsLaunchTests.swift; sourceTree = "<group>"; };
		FEFD39F82A4D2B3E0093681A /* ViewController2.swift */ = {isa = PBXFileReference; lastKnownFileType = sourcecode.swift; path = ViewController2.swift; sourceTree = "<group>"; };
/* End PBXFileReference section */

/* Begin PBXFrameworksBuildPhase section */
		FEFD39C22A4CEF900093681A /* Frameworks */ = {
			isa = PBXFrameworksBuildPhase;
			buildActionMask = 2147483647;
			files = (
			);
			runOnlyForDeploymentPostprocessing = 0;
		};
		FEFD39D82A4CEF920093681A /* Frameworks */ = {
			isa = PBXFrameworksBuildPhase;
			buildActionMask = 2147483647;
			files = (
			);
			runOnlyForDeploymentPostprocessing = 0;
		};
		FEFD39E22A4CEF920093681A /* Frameworks */ = {
			isa = PBXFrameworksBuildPhase;
			buildActionMask = 2147483647;
			files = (
			);
			runOnlyForDeploymentPostprocessing = 0;
		};
/* End PBXFrameworksBuildPhase section */

/* Begin PBXGroup section */
		FEFD39BC2A4CEF900093681A = {
			isa = PBXGroup;
			children = (
				FEFD39C72A4CEF900093681A /* test */,
				FEFD39DE2A4CEF920093681A /* testTests */,
				FEFD39E82A4CEF920093681A /* testUITests */,
				FEFD39C62A4CEF900093681A /* Products */,
			);
			sourceTree = "<group>";
		};
		FEFD39C62A4CEF900093681A /* Products */ = {
			isa = PBXGroup;
			children = (
				FEFD39C52A4CEF900093681A /* creamsoda2.app */,
				FEFD39DB2A4CEF920093681A /* creamsoda2Tests.xctest */,
				FEFD39E52A4CEF920093681A /* creamsoda2UITests.xctest */,
			);
			name = Products;
			sourceTree = "<group>";
		};
		FEFD39C72A4CEF900093681A /* test */ = {
			isa = PBXGroup;
			children = (
				FE9F63132AE3D7A700281779 /* don.mp3 */,
				FE9F63112AE3D59000281779 /* pi.mp3 */,
				FE9F630D2AE3BFFA00281779 /* wrong2.mp3 */,
				FE9F63092AE3BEFE00281779 /* terere.mp3 */,
				FE9F63072AE3BE8600281779 /* zannen.mp3 */,
				FE9F63052AE3BDA600281779 /* jyan.mp3 */,
				FE9F62FD2AE3AC1500281779 /* correct.mp3 */,
				FE9F630F2AE3C5AD00281779 /* zou2.png */,
				FE9F62F92AE26E6C00281779 /* appicon.png */,
				FEE251B02AE0C980003FB1BF /* tabisuru.png */,
				FED070892AE0C8D6005395DE /* kissazou.png */,
				FED070852AE0C552005395DE /* 6pens.png */,
				FED070872AE0C752005395DE /* dope.png */,
				FEFD39C82A4CEF900093681A /* AppDelegate.swift */,
				FEFD39CA2A4CEF900093681A /* SceneDelegate.swift */,
				FEFD39CC2A4CEF900093681A /* ViewController.swift */,
				FEFD39CE2A4CEF900093681A /* Main.storyboard */,
				FE9F63012AE3BB4800281779 /* Audio.swift */,
				FEE251B82AE0CF1D003FB1BF /* Result.swift */,
				FEE251B62AE0CF10003FB1BF /* Quiz3.swift */,
				FEE251B42AE0CF05003FB1BF /* Quiz2.swift */,
				FEE251B22AE0CEDA003FB1BF /* Quiz1.swift */,
				FEFD39F82A4D2B3E0093681A /* ViewController2.swift */,
				FEFD39D12A4CEF920093681A /* Assets.xcassets */,
				FEFD39D32A4CEF920093681A /* LaunchScreen.storyboard */,
				FEFD39D62A4CEF920093681A /* Info.plist */,
			);
			path = test;
			sourceTree = "<group>";
		};
		FEFD39DE2A4CEF920093681A /* testTests */ = {
			isa = PBXGroup;
			children = (
				FEFD39DF2A4CEF920093681A /* testTests.swift */,
			);
			path = testTests;
			sourceTree = "<group>";
		};
		FEFD39E82A4CEF920093681A /* testUITests */ = {
			isa = PBXGroup;
			children = (
				FEFD39E92A4CEF920093681A /* testUITests.swift */,
				FEFD39EB2A4CEF920093681A /* testUITestsLaunchTests.swift */,
			);
			path = testUITests;
			sourceTree = "<group>";
		};
/* End PBXGroup section */

/* Begin PBXNativeTarget section */
		FEFD39C42A4CEF900093681A /* creamsoda2 */ = {
			isa = PBXNativeTarget;
			buildConfigurationList = FEFD39EF2A4CEF920093681A /* Build configuration list for PBXNativeTarget "creamsoda2" */;
			buildPhases = (
				FEFD39C12A4CEF900093681A /* Sources */,
				FEFD39C22A4CEF900093681A /* Frameworks */,
				FEFD39C32A4CEF900093681A /* Resources */,
			);
			buildRules = (
			);
			dependencies = (
			);
			name = creamsoda2;
			productName = test;
			productReference = FEFD39C52A4CEF900093681A /* creamsoda2.app */;
			productType = "com.apple.product-type.application";
		};
		FEFD39DA2A4CEF920093681A /* creamsoda2Tests */ = {
			isa = PBXNativeTarget;
			buildConfigurationList = FEFD39F22A4CEF920093681A /* Build configuration list for PBXNativeTarget "creamsoda2Tests" */;
			buildPhases = (
				FEFD39D72A4CEF920093681A /* Sources */,
				FEFD39D82A4CEF920093681A /* Frameworks */,
				FEFD39D92A4CEF920093681A /* Resources */,
			);
			buildRules = (
			);
			dependencies = (
				FEFD39DD2A4CEF920093681A /* PBXTargetDependency */,
			);
			name = creamsoda2Tests;
			productName = testTests;
			productReference = FEFD39DB2A4CEF920093681A /* creamsoda2Tests.xctest */;
			productType = "com.apple.product-type.bundle.unit-test";
		};
		FEFD39E42A4CEF920093681A /* creamsoda2UITests */ = {
			isa = PBXNativeTarget;
			buildConfigurationList = FEFD39F52A4CEF920093681A /* Build configuration list for PBXNativeTarget "creamsoda2UITests" */;
			buildPhases = (
				FEFD39E12A4CEF920093681A /* Sources */,
				FEFD39E22A4CEF920093681A /* Frameworks */,
				FEFD39E32A4CEF920093681A /* Resources */,
			);
			buildRules = (
			);
			dependencies = (
				FEFD39E72A4CEF920093681A /* PBXTargetDependency */,
			);
			name = creamsoda2UITests;
			productName = testUITests;
			productReference = FEFD39E52A4CEF920093681A /* creamsoda2UITests.xctest */;
			productType = "com.apple.product-type.bundle.ui-testing";
		};
/* End PBXNativeTarget section */

/* Begin PBXProject section */
		FEFD39BD2A4CEF900093681A /* Project object */ = {
			isa = PBXProject;
			attributes = {
				BuildIndependentTargetsInParallel = 1;
				LastSwiftUpdateCheck = 1430;
				LastUpgradeCheck = 1430;
				TargetAttributes = {
					FEFD39C42A4CEF900093681A = {
						CreatedOnToolsVersion = 14.3;
					};
					FEFD39DA2A4CEF920093681A = {
						CreatedOnToolsVersion = 14.3;
						TestTargetID = FEFD39C42A4CEF900093681A;
					};
					FEFD39E42A4CEF920093681A = {
						CreatedOnToolsVersion = 14.3;
						TestTargetID = FEFD39C42A4CEF900093681A;
					};
				};
			};
			buildConfigurationList = FEFD39C02A4CEF900093681A /* Build configuration list for PBXProject "creamsoda2" */;
			compatibilityVersion = "Xcode 14.0";
			developmentRegion = en;
			hasScannedForEncodings = 0;
			knownRegions = (
				en,
				Base,
			);
			mainGroup = FEFD39BC2A4CEF900093681A;
			productRefGroup = FEFD39C62A4CEF900093681A /* Products */;
			projectDirPath = "";
			projectRoot = "";
			targets = (
				FEFD39C42A4CEF900093681A /* creamsoda2 */,
				FEFD39DA2A4CEF920093681A /* creamsoda2Tests */,
				FEFD39E42A4CEF920093681A /* creamsoda2UITests */,
			);
		};
/* End PBXProject section */

/* Begin PBXResourcesBuildPhase section */
		FEFD39C32A4CEF900093681A /* Resources */ = {
			isa = PBXResourcesBuildPhase;
			buildActionMask = 2147483647;
			files = (
				FE9F630A2AE3BEFE00281779 /* terere.mp3 in Resources */,
				FE9F62FA2AE26E6C00281779 /* appicon.png in Resources */,
				FE9F63062AE3BDA600281779 /* jyan.mp3 in Resources */,
				FED070862AE0C552005395DE /* 6pens.png in Resources */,
				FE9F62FE2AE3AC1500281779 /* correct.mp3 in Resources */,
				FE9F63122AE3D59000281779 /* pi.mp3 in Resources */,
				FE9F63142AE3D7A700281779 /* don.mp3 in Resources */,
				FE9F63102AE3C5AD00281779 /* zou2.png in Resources */,
				FED070882AE0C752005395DE /* dope.png in Resources */,
				FE9F63082AE3BE8600281779 /* zannen.mp3 in Resources */,
				FEE251B12AE0C980003FB1BF /* tabisuru.png in Resources */,
				FE9F630E2AE3BFFA00281779 /* wrong2.mp3 in Resources */,
				FED0708A2AE0C8D6005395DE /* kissazou.png in Resources */,
				FEFD39D52A4CEF920093681A /* LaunchScreen.storyboard in Resources */,
				FEFD39D22A4CEF920093681A /* Assets.xcassets in Resources */,
				FEFD39D02A4CEF900093681A /* Main.storyboard in Resources */,
			);
			runOnlyForDeploymentPostprocessing = 0;
		};
		FEFD39D92A4CEF920093681A /* Resources */ = {
			isa = PBXResourcesBuildPhase;
			buildActionMask = 2147483647;
			files = (
			);
			runOnlyForDeploymentPostprocessing = 0;
		};
		FEFD39E32A4CEF920093681A /* Resources */ = {
			isa = PBXResourcesBuildPhase;
			buildActionMask = 2147483647;
			files = (
			);
			runOnlyForDeploymentPostprocessing = 0;
		};
/* End PBXResourcesBuildPhase section */

/* Begin PBXSourcesBuildPhase section */
		FEFD39C12A4CEF900093681A /* Sources */ = {
			isa = PBXSourcesBuildPhase;
			buildActionMask = 2147483647;
			files = (
				FE9F63022AE3BB4800281779 /* Audio.swift in Sources */,
				FEE251B72AE0CF10003FB1BF /* Quiz3.swift in Sources */,
				FEFD39CD2A4CEF900093681A /* ViewController.swift in Sources */,
				FEFD39F92A4D2B3E0093681A /* ViewController2.swift in Sources */,
				FEFD39C92A4CEF900093681A /* AppDelegate.swift in Sources */,
				FEE251B52AE0CF05003FB1BF /* Quiz2.swift in Sources */,
				FEE251B32AE0CEDA003FB1BF /* Quiz1.swift in Sources */,
				FEE251B92AE0CF1D003FB1BF /* Result.swift in Sources */,
				FEFD39CB2A4CEF900093681A /* SceneDelegate.swift in Sources */,
			);
			runOnlyForDeploymentPostprocessing = 0;
		};
		FEFD39D72A4CEF920093681A /* Sources */ = {
			isa = PBXSourcesBuildPhase;
			buildActionMask = 2147483647;
			files = (
				FEFD39E02A4CEF920093681A /* testTests.swift in Sources */,
			);
			runOnlyForDeploymentPostprocessing = 0;
		};
		FEFD39E12A4CEF920093681A /* Sources */ = {
			isa = PBXSourcesBuildPhase;
			buildActionMask = 2147483647;
			files = (
				FEFD39EC2A4CEF920093681A /* testUITestsLaunchTests.swift in Sources */,
				FEFD39EA2A4CEF920093681A /* testUITests.swift in Sources */,
			);
			runOnlyForDeploymentPostprocessing = 0;
		};
/* End PBXSourcesBuildPhase section */

/* Begin PBXTargetDependency section */
		FEFD39DD2A4CEF920093681A /* PBXTargetDependency */ = {
			isa = PBXTargetDependency;
			target = FEFD39C42A4CEF900093681A /* creamsoda2 */;
			targetProxy = FEFD39DC2A4CEF920093681A /* PBXContainerItemProxy */;
		};
		FEFD39E72A4CEF920093681A /* PBXTargetDependency */ = {
			isa = PBXTargetDependency;
			target = FEFD39C42A4CEF900093681A /* creamsoda2 */;
			targetProxy = FEFD39E62A4CEF920093681A /* PBXContainerItemProxy */;
		};
/* End PBXTargetDependency section */

/* Begin PBXVariantGroup section */
		FEFD39CE2A4CEF900093681A /* Main.storyboard */ = {
			isa = PBXVariantGroup;
			children = (
				FEFD39CF2A4CEF900093681A /* Base */,
			);
			name = Main.storyboard;
			sourceTree = "<group>";
		};
		FEFD39D32A4CEF920093681A /* LaunchScreen.storyboard */ = {
			isa = PBXVariantGroup;
			children = (
				FEFD39D42A4CEF920093681A /* Base */,
			);
			name = LaunchScreen.storyboard;
			sourceTree = "<group>";
		};
/* End PBXVariantGroup section */

/* Begin XCBuildConfiguration section */
		FEFD39ED2A4CEF920093681A /* Debug */ = {
			isa = XCBuildConfiguration;
			buildSettings = {
				ALWAYS_SEARCH_USER_PATHS = NO;
				CLANG_ANALYZER_NONNULL = YES;
				CLANG_ANALYZER_NUMBER_OBJECT_CONVERSION = YES_AGGRESSIVE;
				CLANG_CXX_LANGUAGE_STANDARD = "gnu++20";
				CLANG_ENABLE_MODULES = YES;
				CLANG_ENABLE_OBJC_ARC = YES;
				CLANG_ENABLE_OBJC_WEAK = YES;
				CLANG_WARN_BLOCK_CAPTURE_AUTORELEASING = YES;
				CLANG_WARN_BOOL_CONVERSION = YES;
				CLANG_WARN_COMMA = YES;
				CLANG_WARN_CONSTANT_CONVERSION = YES;
				CLANG_WARN_DEPRECATED_OBJC_IMPLEMENTATIONS = YES;
				CLANG_WARN_DIRECT_OBJC_ISA_USAGE = YES_ERROR;
				CLANG_WARN_DOCUMENTATION_COMMENTS = YES;
				CLANG_WARN_EMPTY_BODY = YES;
				CLANG_WARN_ENUM_CONVERSION = YES;
				CLANG_WARN_INFINITE_RECURSION = YES;
				CLANG_WARN_INT_CONVERSION = YES;
				CLANG_WARN_NON_LITERAL_NULL_CONVERSION = YES;
				CLANG_WARN_OBJC_IMPLICIT_RETAIN_SELF = YES;
				CLANG_WARN_OBJC_LITERAL_CONVERSION = YES;
				CLANG_WARN_OBJC_ROOT_CLASS = YES_ERROR;
				CLANG_WARN_QUOTED_INCLUDE_IN_FRAMEWORK_HEADER = YES;
				CLANG_WARN_RANGE_LOOP_ANALYSIS = YES;
				CLANG_WARN_STRICT_PROTOTYPES = YES;
				CLANG_WARN_SUSPICIOUS_MOVE = YES;
				CLANG_WARN_UNGUARDED_AVAILABILITY = YES_AGGRESSIVE;
				CLANG_WARN_UNREACHABLE_CODE = YES;
				CLANG_WARN__DUPLICATE_METHOD_MATCH = YES;
				COPY_PHASE_STRIP = NO;
				DEBUG_INFORMATION_FORMAT = dwarf;
				ENABLE_STRICT_OBJC_MSGSEND = YES;
				ENABLE_TESTABILITY = YES;
				GCC_C_LANGUAGE_STANDARD = gnu11;
				GCC_DYNAMIC_NO_PIC = NO;
				GCC_NO_COMMON_BLOCKS = YES;
				GCC_OPTIMIZATION_LEVEL = 0;
				GCC_PREPROCESSOR_DEFINITIONS = (
					"DEBUG=1",
					"$(inherited)",
				);
				GCC_WARN_64_TO_32_BIT_CONVERSION = YES;
				GCC_WARN_ABOUT_RETURN_TYPE = YES_ERROR;
				GCC_WARN_UNDECLARED_SELECTOR = YES;
				GCC_WARN_UNINITIALIZED_AUTOS = YES_AGGRESSIVE;
				GCC_WARN_UNUSED_FUNCTION = YES;
				GCC_WARN_UNUSED_VARIABLE = YES;
				IPHONEOS_DEPLOYMENT_TARGET = 16.4;
				MTL_ENABLE_DEBUG_INFO = INCLUDE_SOURCE;
				MTL_FAST_MATH = YES;
				ONLY_ACTIVE_ARCH = YES;
				SDKROOT = iphoneos;
				SWIFT_ACTIVE_COMPILATION_CONDITIONS = DEBUG;
				SWIFT_OPTIMIZATION_LEVEL = "-Onone";
			};
			name = Debug;
		};
		FEFD39EE2A4CEF920093681A /* Release */ = {
			isa = XCBuildConfiguration;
			buildSettings = {
				ALWAYS_SEARCH_USER_PATHS = NO;
				CLANG_ANALYZER_NONNULL = YES;
				CLANG_ANALYZER_NUMBER_OBJECT_CONVERSION = YES_AGGRESSIVE;
				CLANG_CXX_LANGUAGE_STANDARD = "gnu++20";
				CLANG_ENABLE_MODULES = YES;
				CLANG_ENABLE_OBJC_ARC = YES;
				CLANG_ENABLE_OBJC_WEAK = YES;
				CLANG_WARN_BLOCK_CAPTURE_AUTORELEASING = YES;
				CLANG_WARN_BOOL_CONVERSION = YES;
				CLANG_WARN_COMMA = YES;
				CLANG_WARN_CONSTANT_CONVERSION = YES;
				CLANG_WARN_DEPRECATED_OBJC_IMPLEMENTATIONS = YES;
				CLANG_WARN_DIRECT_OBJC_ISA_USAGE = YES_ERROR;
				CLANG_WARN_DOCUMENTATION_COMMENTS = YES;
				CLANG_WARN_EMPTY_BODY = YES;
				CLANG_WARN_ENUM_CONVERSION = YES;
				CLANG_WARN_INFINITE_RECURSION = YES;
				CLANG_WARN_INT_CONVERSION = YES;
				CLANG_WARN_NON_LITERAL_NULL_CONVERSION = YES;
				CLANG_WARN_OBJC_IMPLICIT_RETAIN_SELF = YES;
				CLANG_WARN_OBJC_LITERAL_CONVERSION = YES;
				CLANG_WARN_OBJC_ROOT_CLASS = YES_ERROR;
				CLANG_WARN_QUOTED_INCLUDE_IN_FRAMEWORK_HEADER = YES;
				CLANG_WARN_RANGE_LOOP_ANALYSIS = YES;
				CLANG_WARN_STRICT_PROTOTYPES = YES;
				CLANG_WARN_SUSPICIOUS_MOVE = YES;
				CLANG_WARN_UNGUARDED_AVAILABILITY = YES_AGGRESSIVE;
				CLANG_WARN_UNREACHABLE_CODE = YES;
				CLANG_WARN__DUPLICATE_METHOD_MATCH = YES;
				COPY_PHASE_STRIP = NO;
				DEBUG_INFORMATION_FORMAT = "dwarf-with-dsym";
				ENABLE_NS_ASSERTIONS = NO;
				ENABLE_STRICT_OBJC_MSGSEND = YES;
				GCC_C_LANGUAGE_STANDARD = gnu11;
				GCC_NO_COMMON_BLOCKS = YES;
				GCC_WARN_64_TO_32_BIT_CONVERSION = YES;
				GCC_WARN_ABOUT_RETURN_TYPE = YES_ERROR;
				GCC_WARN_UNDECLARED_SELECTOR = YES;
				GCC_WARN_UNINITIALIZED_AUTOS = YES_AGGRESSIVE;
				GCC_WARN_UNUSED_FUNCTION = YES;
				GCC_WARN_UNUSED_VARIABLE = YES;
				IPHONEOS_DEPLOYMENT_TARGET = 16.4;
				MTL_ENABLE_DEBUG_INFO = NO;
				MTL_FAST_MATH = YES;
				SDKROOT = iphoneos;
				SWIFT_COMPILATION_MODE = wholemodule;
				SWIFT_OPTIMIZATION_LEVEL = "-O";
				VALIDATE_PRODUCT = YES;
			};
			name = Release;
		};
		FEFD39F02A4CEF920093681A /* Debug */ = {
			isa = XCBuildConfiguration;
			buildSettings = {
				ASSETCATALOG_COMPILER_APPICON_NAME = AppIcon;
				ASSETCATALOG_COMPILER_GLOBAL_ACCENT_COLOR_NAME = AccentColor;
				CODE_SIGN_STYLE = Automatic;
				CURRENT_PROJECT_VERSION = 1;
				DEVELOPMENT_TEAM = QV9626CYR5;
				GENERATE_INFOPLIST_FILE = YES;
				INFOPLIST_FILE = test/Info.plist;
				INFOPLIST_KEY_UIApplicationSupportsIndirectInputEvents = YES;
				INFOPLIST_KEY_UILaunchStoryboardName = LaunchScreen;
				INFOPLIST_KEY_UIMainStoryboardFile = Main;
				INFOPLIST_KEY_UISupportedInterfaceOrientations_iPad = "UIInterfaceOrientationPortrait UIInterfaceOrientationPortraitUpsideDown UIInterfaceOrientationLandscapeLeft UIInterfaceOrientationLandscapeRight";
				INFOPLIST_KEY_UISupportedInterfaceOrientations_iPhone = "UIInterfaceOrientationPortrait UIInterfaceOrientationLandscapeLeft UIInterfaceOrientationLandscapeRight";
				LD_RUNPATH_SEARCH_PATHS = (
					"$(inherited)",
					"@executable_path/Frameworks",
				);
				MARKETING_VERSION = 1.0;
				PRODUCT_BUNDLE_IDENTIFIER = com.practice.aoi.test;
				PRODUCT_NAME = "$(TARGET_NAME)";
				SWIFT_EMIT_LOC_STRINGS = YES;
				SWIFT_VERSION = 5.0;
				TARGETED_DEVICE_FAMILY = "1,2";
			};
			name = Debug;
		};
		FEFD39F12A4CEF920093681A /* Release */ = {
			isa = XCBuildConfiguration;
			buildSettings = {
				ASSETCATALOG_COMPILER_APPICON_NAME = AppIcon;
				ASSETCATALOG_COMPILER_GLOBAL_ACCENT_COLOR_NAME = AccentColor;
				CODE_SIGN_STYLE = Automatic;
				CURRENT_PROJECT_VERSION = 1;
				DEVELOPMENT_TEAM = QV9626CYR5;
				GENERATE_INFOPLIST_FILE = YES;
				INFOPLIST_FILE = test/Info.plist;
				INFOPLIST_KEY_UIApplicationSupportsIndirectInputEvents = YES;
				INFOPLIST_KEY_UILaunchStoryboardName = LaunchScreen;
				INFOPLIST_KEY_UIMainStoryboardFile = Main;
				INFOPLIST_KEY_UISupportedInterfaceOrientations_iPad = "UIInterfaceOrientationPortrait UIInterfaceOrientationPortraitUpsideDown UIInterfaceOrientationLandscapeLeft UIInterfaceOrientationLandscapeRight";
				INFOPLIST_KEY_UISupportedInterfaceOrientations_iPhone = "UIInterfaceOrientationPortrait UIInterfaceOrientationLandscapeLeft UIInterfaceOrientationLandscapeRight";
				LD_RUNPATH_SEARCH_PATHS = (
					"$(inherited)",
					"@executable_path/Frameworks",
				);
				MARKETING_VERSION = 1.0;
				PRODUCT_BUNDLE_IDENTIFIER = com.practice.aoi.test;
				PRODUCT_NAME = "$(TARGET_NAME)";
				SWIFT_EMIT_LOC_STRINGS = YES;
				SWIFT_VERSION = 5.0;
				TARGETED_DEVICE_FAMILY = "1,2";
			};
			name = Release;
		};
		FEFD39F32A4CEF920093681A /* Debug */ = {
			isa = XCBuildConfiguration;
			buildSettings = {
				ALWAYS_EMBED_SWIFT_STANDARD_LIBRARIES = YES;
				BUNDLE_LOADER = "$(TEST_HOST)";
				CODE_SIGN_STYLE = Automatic;
				CURRENT_PROJECT_VERSION = 1;
				GENERATE_INFOPLIST_FILE = YES;
				IPHONEOS_DEPLOYMENT_TARGET = 16.4;
				MARKETING_VERSION = 1.0;
				PRODUCT_BUNDLE_IDENTIFIER = com.practice.aoi.testTests;
				PRODUCT_NAME = "$(TARGET_NAME)";
				SWIFT_EMIT_LOC_STRINGS = NO;
				SWIFT_VERSION = 5.0;
				TARGETED_DEVICE_FAMILY = "1,2";
				TEST_HOST = "$(BUILT_PRODUCTS_DIR)/creamsoda2.app/$(BUNDLE_EXECUTABLE_FOLDER_PATH)/creamsoda2";
			};
			name = Debug;
		};
		FEFD39F42A4CEF920093681A /* Release */ = {
			isa = XCBuildConfiguration;
			buildSettings = {
				ALWAYS_EMBED_SWIFT_STANDARD_LIBRARIES = YES;
				BUNDLE_LOADER = "$(TEST_HOST)";
				CODE_SIGN_STYLE = Automatic;
				CURRENT_PROJECT_VERSION = 1;
				GENERATE_INFOPLIST_FILE = YES;
				IPHONEOS_DEPLOYMENT_TARGET = 16.4;
				MARKETING_VERSION = 1.0;
				PRODUCT_BUNDLE_IDENTIFIER = com.practice.aoi.testTests;
				PRODUCT_NAME = "$(TARGET_NAME)";
				SWIFT_EMIT_LOC_STRINGS = NO;
				SWIFT_VERSION = 5.0;
				TARGETED_DEVICE_FAMILY = "1,2";
				TEST_HOST = "$(BUILT_PRODUCTS_DIR)/creamsoda2.app/$(BUNDLE_EXECUTABLE_FOLDER_PATH)/creamsoda2";
			};
			name = Release;
		};
		FEFD39F62A4CEF920093681A /* Debug */ = {
			isa = XCBuildConfiguration;
			buildSettings = {
				ALWAYS_EMBED_SWIFT_STANDARD_LIBRARIES = YES;
				CODE_SIGN_STYLE = Automatic;
				CURRENT_PROJECT_VERSION = 1;
				GENERATE_INFOPLIST_FILE = YES;
				MARKETING_VERSION = 1.0;
				PRODUCT_BUNDLE_IDENTIFIER = com.practice.aoi.testUITests;
				PRODUCT_NAME = "$(TARGET_NAME)";
				SWIFT_EMIT_LOC_STRINGS = NO;
				SWIFT_VERSION = 5.0;
				TARGETED_DEVICE_FAMILY = "1,2";
				TEST_TARGET_NAME = test;
			};
			name = Debug;
		};
		FEFD39F72A4CEF920093681A /* Release */ = {
			isa = XCBuildConfiguration;
			buildSettings = {
				ALWAYS_EMBED_SWIFT_STANDARD_LIBRARIES = YES;
				CODE_SIGN_STYLE = Automatic;
				CURRENT_PROJECT_VERSION = 1;
				GENERATE_INFOPLIST_FILE = YES;
				MARKETING_VERSION = 1.0;
				PRODUCT_BUNDLE_IDENTIFIER = com.practice.aoi.testUITests;
				PRODUCT_NAME = "$(TARGET_NAME)";
				SWIFT_EMIT_LOC_STRINGS = NO;
				SWIFT_VERSION = 5.0;
				TARGETED_DEVICE_FAMILY = "1,2";
				TEST_TARGET_NAME = test;
			};
			name = Release;
		};
/* End XCBuildConfiguration section */

/* Begin XCConfigurationList section */
		FEFD39C02A4CEF900093681A /* Build configuration list for PBXProject "creamsoda2" */ = {
			isa = XCConfigurationList;
			buildConfigurations = (
				FEFD39ED2A4CEF920093681A /* Debug */,
				FEFD39EE2A4CEF920093681A /* Release */,
			);
			defaultConfigurationIsVisible = 0;
			defaultConfigurationName = Release;
		};
		FEFD39EF2A4CEF920093681A /* Build configuration list for PBXNativeTarget "creamsoda2" */ = {
			isa = XCConfigurationList;
			buildConfigurations = (
				FEFD39F02A4CEF920093681A /* Debug */,
				FEFD39F12A4CEF920093681A /* Release */,
			);
			defaultConfigurationIsVisible = 0;
			defaultConfigurationName = Release;
		};
		FEFD39F22A4CEF920093681A /* Build configuration list for PBXNativeTarget "creamsoda2Tests" */ = {
			isa = XCConfigurationList;
			buildConfigurations = (
				FEFD39F32A4CEF920093681A /* Debug */,
				FEFD39F42A4CEF920093681A /* Release */,
			);
			defaultConfigurationIsVisible = 0;
			defaultConfigurationName = Release;
		};
		FEFD39F52A4CEF920093681A /* Build configuration list for PBXNativeTarget "creamsoda2UITests" */ = {
			isa = XCConfigurationList;
			buildConfigurations = (
				FEFD39F62A4CEF920093681A /* Debug */,
				FEFD39F72A4CEF920093681A /* Release */,
			);
			defaultConfigurationIsVisible = 0;
			defaultConfigurationName = Release;
		};
/* End XCConfigurationList section */
	};
	rootObject = FEFD39BD2A4CEF900093681A /* Project object */;
}
